// !$*UTF8*$!
{
	archiveVersion = 1;
	classes = {
	};
	objectVersion = 50;
	objects = {

/* Begin PBXBuildFile section */
		ED0CB3E823096B9A00BA1E13 /* Landmark.swift in Sources */ = {isa = PBXBuildFile; fileRef = ED0CB3E723096B9A00BA1E13 /* Landmark.swift */; };
		ED0CB3F823096F1900BA1E13 /* hiddenlake.jpg in Resources */ = {isa = PBXBuildFile; fileRef = ED0CB3EC23096F1800BA1E13 /* hiddenlake.jpg */; };
		ED0CB3F923096F1900BA1E13 /* twinlake.jpg in Resources */ = {isa = PBXBuildFile; fileRef = ED0CB3ED23096F1800BA1E13 /* twinlake.jpg */; };
		ED0CB3FA23096F1900BA1E13 /* yukon_charleyrivers.jpg in Resources */ = {isa = PBXBuildFile; fileRef = ED0CB3EE23096F1800BA1E13 /* yukon_charleyrivers.jpg */; };
		ED0CB3FB23096F1900BA1E13 /* chincoteague.jpg in Resources */ = {isa = PBXBuildFile; fileRef = ED0CB3EF23096F1800BA1E13 /* chincoteague.jpg */; };
		ED0CB3FC23096F1900BA1E13 /* lakemcdonald.jpg in Resources */ = {isa = PBXBuildFile; fileRef = ED0CB3F023096F1800BA1E13 /* lakemcdonald.jpg */; };
		ED0CB3FD23096F1900BA1E13 /* icybay.jpg in Resources */ = {isa = PBXBuildFile; fileRef = ED0CB3F123096F1800BA1E13 /* icybay.jpg */; };
		ED0CB3FE23096F1900BA1E13 /* rainbowlake.jpg in Resources */ = {isa = PBXBuildFile; fileRef = ED0CB3F223096F1800BA1E13 /* rainbowlake.jpg */; };
		ED0CB3FF23096F1900BA1E13 /* silversalmoncreek.jpg in Resources */ = {isa = PBXBuildFile; fileRef = ED0CB3F323096F1800BA1E13 /* silversalmoncreek.jpg */; };
		ED0CB40023096F1900BA1E13 /* turtlerock.jpg in Resources */ = {isa = PBXBuildFile; fileRef = ED0CB3F423096F1800BA1E13 /* turtlerock.jpg */; };
		ED0CB40123096F1900BA1E13 /* chilkoottrail.jpg in Resources */ = {isa = PBXBuildFile; fileRef = ED0CB3F523096F1900BA1E13 /* chilkoottrail.jpg */; };
		ED0CB40223096F1900BA1E13 /* stmarylake.jpg in Resources */ = {isa = PBXBuildFile; fileRef = ED0CB3F623096F1900BA1E13 /* stmarylake.jpg */; };
		ED0CB40323096F1900BA1E13 /* umbagog.jpg in Resources */ = {isa = PBXBuildFile; fileRef = ED0CB3F723096F1900BA1E13 /* umbagog.jpg */; };
		ED0CB4052309731A00BA1E13 /* LandmarkRow.swift in Sources */ = {isa = PBXBuildFile; fileRef = ED0CB4042309731A00BA1E13 /* LandmarkRow.swift */; };
		ED0CB407230973DB00BA1E13 /* Data.swift in Sources */ = {isa = PBXBuildFile; fileRef = ED0CB406230973DB00BA1E13 /* Data.swift */; };
		ED0CB409230977C800BA1E13 /* LandmarkList.swift in Sources */ = {isa = PBXBuildFile; fileRef = ED0CB408230977C800BA1E13 /* LandmarkList.swift */; };
		ED0D4B0E2307FAB100D937EA /* AppDelegate.swift in Sources */ = {isa = PBXBuildFile; fileRef = ED0D4B0D2307FAB100D937EA /* AppDelegate.swift */; };
		ED0D4B102307FAB100D937EA /* SceneDelegate.swift in Sources */ = {isa = PBXBuildFile; fileRef = ED0D4B0F2307FAB100D937EA /* SceneDelegate.swift */; };
		ED0D4B122307FAB100D937EA /* LandmarkDetail.swift in Sources */ = {isa = PBXBuildFile; fileRef = ED0D4B112307FAB100D937EA /* LandmarkDetail.swift */; };
		ED0D4B142307FABE00D937EA /* Assets.xcassets in Resources */ = {isa = PBXBuildFile; fileRef = ED0D4B132307FABE00D937EA /* Assets.xcassets */; };
		ED0D4B172307FABE00D937EA /* Preview Assets.xcassets in Resources */ = {isa = PBXBuildFile; fileRef = ED0D4B162307FABE00D937EA /* Preview Assets.xcassets */; };
		ED0D4B1A2307FABE00D937EA /* LaunchScreen.storyboard in Resources */ = {isa = PBXBuildFile; fileRef = ED0D4B182307FABE00D937EA /* LaunchScreen.storyboard */; };
		ED0D4B252307FABE00D937EA /* LandmarksTests.swift in Sources */ = {isa = PBXBuildFile; fileRef = ED0D4B242307FABE00D937EA /* LandmarksTests.swift */; };
		ED0D4B302307FABE00D937EA /* LandmarksUITests.swift in Sources */ = {isa = PBXBuildFile; fileRef = ED0D4B2F2307FABE00D937EA /* LandmarksUITests.swift */; };
		ED1E833223113D5A00CFB483 /* BadgeBackground.swift in Sources */ = {isa = PBXBuildFile; fileRef = ED1E833123113D5A00CFB483 /* BadgeBackground.swift */; };
		ED1E833423113E5600CFB483 /* BadgeSymbol.swift in Sources */ = {isa = PBXBuildFile; fileRef = ED1E833323113E5600CFB483 /* BadgeSymbol.swift */; };
		ED1E833623113EFC00CFB483 /* RotatedBadgeSymbol.swift in Sources */ = {isa = PBXBuildFile; fileRef = ED1E833523113EFC00CFB483 /* RotatedBadgeSymbol.swift */; };
		ED2C770F231010F9002CF4CC /* Badge.swift in Sources */ = {isa = PBXBuildFile; fileRef = ED2C770E231010F9002CF4CC /* Badge.swift */; };
		ED2C77112310116E002CF4CC /* HexagonParameters.swift in Sources */ = {isa = PBXBuildFile; fileRef = ED2C77102310116E002CF4CC /* HexagonParameters.swift */; };
		ED690AB4230AD41500D40BCB /* landmarkData.json in Resources */ = {isa = PBXBuildFile; fileRef = ED690AB3230AD41500D40BCB /* landmarkData.json */; };
		EDA0F25C23080356007521E6 /* CircleImage.swift in Sources */ = {isa = PBXBuildFile; fileRef = EDA0F25B23080356007521E6 /* CircleImage.swift */; };
		EDA0F25E2308058C007521E6 /* MapView.swift in Sources */ = {isa = PBXBuildFile; fileRef = EDA0F25D2308058C007521E6 /* MapView.swift */; };
		EDB4B094230C1E2600BBB902 /* UserData.swift in Sources */ = {isa = PBXBuildFile; fileRef = EDB4B093230C1E2600BBB902 /* UserData.swift */; };
/* End PBXBuildFile section */

/* Begin PBXContainerItemProxy section */
		ED0D4B212307FABE00D937EA /* PBXContainerItemProxy */ = {
			isa = PBXContainerItemProxy;
			containerPortal = ED0D4B022307FAB100D937EA /* Project object */;
			proxyType = 1;
			remoteGlobalIDString = ED0D4B092307FAB100D937EA;
			remoteInfo = Landmarks;
		};
		ED0D4B2C2307FABE00D937EA /* PBXContainerItemProxy */ = {
			isa = PBXContainerItemProxy;
			containerPortal = ED0D4B022307FAB100D937EA /* Project object */;
			proxyType = 1;
			remoteGlobalIDString = ED0D4B092307FAB100D937EA;
			remoteInfo = Landmarks;
		};
/* End PBXContainerItemProxy section */

/* Begin PBXFileReference section */
		ED0CB3E723096B9A00BA1E13 /* Landmark.swift */ = {isa = PBXFileReference; lastKnownFileType = sourcecode.swift; path = Landmark.swift; sourceTree = "<group>"; };
		ED0CB3EC23096F1800BA1E13 /* hiddenlake.jpg */ = {isa = PBXFileReference; lastKnownFileType = image.jpeg; path = hiddenlake.jpg; sourceTree = "<group>"; };
		ED0CB3ED23096F1800BA1E13 /* twinlake.jpg */ = {isa = PBXFileReference; lastKnownFileType = image.jpeg; path = twinlake.jpg; sourceTree = "<group>"; };
		ED0CB3EE23096F1800BA1E13 /* yukon_charleyrivers.jpg */ = {isa = PBXFileReference; lastKnownFileType = image.jpeg; path = yukon_charleyrivers.jpg; sourceTree = "<group>"; };
		ED0CB3EF23096F1800BA1E13 /* chincoteague.jpg */ = {isa = PBXFileReference; lastKnownFileType = image.jpeg; path = chincoteague.jpg; sourceTree = "<group>"; };
		ED0CB3F023096F1800BA1E13 /* lakemcdonald.jpg */ = {isa = PBXFileReference; lastKnownFileType = image.jpeg; path = lakemcdonald.jpg; sourceTree = "<group>"; };
		ED0CB3F123096F1800BA1E13 /* icybay.jpg */ = {isa = PBXFileReference; lastKnownFileType = image.jpeg; path = icybay.jpg; sourceTree = "<group>"; };
		ED0CB3F223096F1800BA1E13 /* rainbowlake.jpg */ = {isa = PBXFileReference; lastKnownFileType = image.jpeg; path = rainbowlake.jpg; sourceTree = "<group>"; };
		ED0CB3F323096F1800BA1E13 /* silversalmoncreek.jpg */ = {isa = PBXFileReference; lastKnownFileType = image.jpeg; path = silversalmoncreek.jpg; sourceTree = "<group>"; };
		ED0CB3F423096F1800BA1E13 /* turtlerock.jpg */ = {isa = PBXFileReference; lastKnownFileType = image.jpeg; path = turtlerock.jpg; sourceTree = "<group>"; };
		ED0CB3F523096F1900BA1E13 /* chilkoottrail.jpg */ = {isa = PBXFileReference; lastKnownFileType = image.jpeg; path = chilkoottrail.jpg; sourceTree = "<group>"; };
		ED0CB3F623096F1900BA1E13 /* stmarylake.jpg */ = {isa = PBXFileReference; lastKnownFileType = image.jpeg; path = stmarylake.jpg; sourceTree = "<group>"; };
		ED0CB3F723096F1900BA1E13 /* umbagog.jpg */ = {isa = PBXFileReference; lastKnownFileType = image.jpeg; path = umbagog.jpg; sourceTree = "<group>"; };
		ED0CB4042309731A00BA1E13 /* LandmarkRow.swift */ = {isa = PBXFileReference; lastKnownFileType = sourcecode.swift; path = LandmarkRow.swift; sourceTree = "<group>"; };
		ED0CB406230973DB00BA1E13 /* Data.swift */ = {isa = PBXFileReference; lastKnownFileType = sourcecode.swift; path = Data.swift; sourceTree = "<group>"; };
		ED0CB408230977C800BA1E13 /* LandmarkList.swift */ = {isa = PBXFileReference; lastKnownFileType = sourcecode.swift; path = LandmarkList.swift; sourceTree = "<group>"; };
		ED0D4B0A2307FAB100D937EA /* Landmarks.app */ = {isa = PBXFileReference; explicitFileType = wrapper.application; includeInIndex = 0; path = Landmarks.app; sourceTree = BUILT_PRODUCTS_DIR; };
		ED0D4B0D2307FAB100D937EA /* AppDelegate.swift */ = {isa = PBXFileReference; lastKnownFileType = sourcecode.swift; path = AppDelegate.swift; sourceTree = "<group>"; };
		ED0D4B0F2307FAB100D937EA /* SceneDelegate.swift */ = {isa = PBXFileReference; lastKnownFileType = sourcecode.swift; path = SceneDelegate.swift; sourceTree = "<group>"; };
		ED0D4B112307FAB100D937EA /* LandmarkDetail.swift */ = {isa = PBXFileReference; lastKnownFileType = sourcecode.swift; path = LandmarkDetail.swift; sourceTree = "<group>"; };
		ED0D4B132307FABE00D937EA /* Assets.xcassets */ = {isa = PBXFileReference; lastKnownFileType = folder.assetcatalog; path = Assets.xcassets; sourceTree = "<group>"; };
		ED0D4B162307FABE00D937EA /* Preview Assets.xcassets */ = {isa = PBXFileReference; lastKnownFileType = folder.assetcatalog; path = "Preview Assets.xcassets"; sourceTree = "<group>"; };
		ED0D4B192307FABE00D937EA /* Base */ = {isa = PBXFileReference; lastKnownFileType = file.storyboard; name = Base; path = Base.lproj/LaunchScreen.storyboard; sourceTree = "<group>"; };
		ED0D4B1B2307FABE00D937EA /* Info.plist */ = {isa = PBXFileReference; lastKnownFileType = text.plist.xml; path = Info.plist; sourceTree = "<group>"; };
		ED0D4B202307FABE00D937EA /* LandmarksTests.xctest */ = {isa = PBXFileReference; explicitFileType = wrapper.cfbundle; includeInIndex = 0; path = LandmarksTests.xctest; sourceTree = BUILT_PRODUCTS_DIR; };
		ED0D4B242307FABE00D937EA /* LandmarksTests.swift */ = {isa = PBXFileReference; lastKnownFileType = sourcecode.swift; path = LandmarksTests.swift; sourceTree = "<group>"; };
		ED0D4B262307FABE00D937EA /* Info.plist */ = {isa = PBXFileReference; lastKnownFileType = text.plist.xml; path = Info.plist; sourceTree = "<group>"; };
		ED0D4B2B2307FABE00D937EA /* LandmarksUITests.xctest */ = {isa = PBXFileReference; explicitFileType = wrapper.cfbundle; includeInIndex = 0; path = LandmarksUITests.xctest; sourceTree = BUILT_PRODUCTS_DIR; };
		ED0D4B2F2307FABE00D937EA /* LandmarksUITests.swift */ = {isa = PBXFileReference; lastKnownFileType = sourcecode.swift; path = LandmarksUITests.swift; sourceTree = "<group>"; };
		ED0D4B312307FABE00D937EA /* Info.plist */ = {isa = PBXFileReference; lastKnownFileType = text.plist.xml; path = Info.plist; sourceTree = "<group>"; };
		ED1E833123113D5A00CFB483 /* BadgeBackground.swift */ = {isa = PBXFileReference; lastKnownFileType = sourcecode.swift; path = BadgeBackground.swift; sourceTree = "<group>"; };
		ED1E833323113E5600CFB483 /* BadgeSymbol.swift */ = {isa = PBXFileReference; lastKnownFileType = sourcecode.swift; path = BadgeSymbol.swift; sourceTree = "<group>"; };
		ED1E833523113EFC00CFB483 /* RotatedBadgeSymbol.swift */ = {isa = PBXFileReference; lastKnownFileType = sourcecode.swift; path = RotatedBadgeSymbol.swift; sourceTree = "<group>"; };
		ED2C770E231010F9002CF4CC /* Badge.swift */ = {isa = PBXFileReference; lastKnownFileType = sourcecode.swift; path = Badge.swift; sourceTree = "<group>"; };
		ED2C77102310116E002CF4CC /* HexagonParameters.swift */ = {isa = PBXFileReference; lastKnownFileType = sourcecode.swift; path = HexagonParameters.swift; sourceTree = "<group>"; };
		ED690AB3230AD41500D40BCB /* landmarkData.json */ = {isa = PBXFileReference; fileEncoding = 4; lastKnownFileType = text.json; path = landmarkData.json; sourceTree = "<group>"; };
		EDA0F25B23080356007521E6 /* CircleImage.swift */ = {isa = PBXFileReference; lastKnownFileType = sourcecode.swift; path = CircleImage.swift; sourceTree = "<group>"; };
		EDA0F25D2308058C007521E6 /* MapView.swift */ = {isa = PBXFileReference; lastKnownFileType = sourcecode.swift; path = MapView.swift; sourceTree = "<group>"; };
		EDB4B093230C1E2600BBB902 /* UserData.swift */ = {isa = PBXFileReference; lastKnownFileType = sourcecode.swift; path = UserData.swift; sourceTree = "<group>"; };
/* End PBXFileReference section */

/* Begin PBXFrameworksBuildPhase section */
		ED0D4B072307FAB100D937EA /* Frameworks */ = {
			isa = PBXFrameworksBuildPhase;
			buildActionMask = 2147483647;
			files = (
			);
			runOnlyForDeploymentPostprocessing = 0;
		};
		ED0D4B1D2307FABE00D937EA /* Frameworks */ = {
			isa = PBXFrameworksBuildPhase;
			buildActionMask = 2147483647;
			files = (
			);
			runOnlyForDeploymentPostprocessing = 0;
		};
		ED0D4B282307FABE00D937EA /* Frameworks */ = {
			isa = PBXFrameworksBuildPhase;
			buildActionMask = 2147483647;
			files = (
			);
			runOnlyForDeploymentPostprocessing = 0;
		};
/* End PBXFrameworksBuildPhase section */

/* Begin PBXGroup section */
		ED031D0B230ECAA900F5079B /* CustomView */ = {
			isa = PBXGroup;
			children = (
				EDA0F25B23080356007521E6 /* CircleImage.swift */,
				EDA0F25D2308058C007521E6 /* MapView.swift */,
				ED2C770E231010F9002CF4CC /* Badge.swift */,
				ED1E833523113EFC00CFB483 /* RotatedBadgeSymbol.swift */,
				ED1E833323113E5600CFB483 /* BadgeSymbol.swift */,
				ED1E833123113D5A00CFB483 /* BadgeBackground.swift */,
				ED2C77102310116E002CF4CC /* HexagonParameters.swift */,
			);
			path = CustomView;
			sourceTree = "<group>";
		};
		ED0CB3E423096A6F00BA1E13 /* Models */ = {
			isa = PBXGroup;
			children = (
				ED0CB406230973DB00BA1E13 /* Data.swift */,
				ED0CB3E723096B9A00BA1E13 /* Landmark.swift */,
				EDB4B093230C1E2600BBB902 /* UserData.swift */,
			);
			path = Models;
			sourceTree = "<group>";
		};
		ED0CB3E923096EE000BA1E13 /* Resources */ = {
			isa = PBXGroup;
			children = (
				ED690AB3230AD41500D40BCB /* landmarkData.json */,
				ED0CB3F523096F1900BA1E13 /* chilkoottrail.jpg */,
				ED0CB3EF23096F1800BA1E13 /* chincoteague.jpg */,
				ED0CB3EC23096F1800BA1E13 /* hiddenlake.jpg */,
				ED0CB3F123096F1800BA1E13 /* icybay.jpg */,
				ED0CB3F023096F1800BA1E13 /* lakemcdonald.jpg */,
				ED0CB3F223096F1800BA1E13 /* rainbowlake.jpg */,
				ED0CB3F323096F1800BA1E13 /* silversalmoncreek.jpg */,
				ED0CB3F623096F1900BA1E13 /* stmarylake.jpg */,
				ED0CB3F423096F1800BA1E13 /* turtlerock.jpg */,
				ED0CB3ED23096F1800BA1E13 /* twinlake.jpg */,
				ED0CB3F723096F1900BA1E13 /* umbagog.jpg */,
				ED0CB3EE23096F1800BA1E13 /* yukon_charleyrivers.jpg */,
			);
			path = Resources;
			sourceTree = "<group>";
		};
		ED0D4B012307FAB100D937EA = {
			isa = PBXGroup;
			children = (
				ED0D4B0C2307FAB100D937EA /* Landmarks */,
				ED0D4B232307FABE00D937EA /* LandmarksTests */,
				ED0D4B2E2307FABE00D937EA /* LandmarksUITests */,
				ED0D4B0B2307FAB100D937EA /* Products */,
			);
			sourceTree = "<group>";
		};
		ED0D4B0B2307FAB100D937EA /* Products */ = {
			isa = PBXGroup;
			children = (
				ED0D4B0A2307FAB100D937EA /* Landmarks.app */,
				ED0D4B202307FABE00D937EA /* LandmarksTests.xctest */,
				ED0D4B2B2307FABE00D937EA /* LandmarksUITests.xctest */,
			);
			name = Products;
			sourceTree = "<group>";
		};
		ED0D4B0C2307FAB100D937EA /* Landmarks */ = {
			isa = PBXGroup;
			children = (
				ED0CB3E423096A6F00BA1E13 /* Models */,
				ED0D4B0D2307FAB100D937EA /* AppDelegate.swift */,
				ED0D4B0F2307FAB100D937EA /* SceneDelegate.swift */,
				ED0CB408230977C800BA1E13 /* LandmarkList.swift */,
				ED0CB4042309731A00BA1E13 /* LandmarkRow.swift */,
				ED0D4B112307FAB100D937EA /* LandmarkDetail.swift */,
				ED031D0B230ECAA900F5079B /* CustomView */,
				ED0D4B132307FABE00D937EA /* Assets.xcassets */,
				ED0D4B182307FABE00D937EA /* LaunchScreen.storyboard */,
				ED0D4B1B2307FABE00D937EA /* Info.plist */,
				ED0CB3E923096EE000BA1E13 /* Resources */,
				ED0D4B152307FABE00D937EA /* Preview Content */,
			);
			path = Landmarks;
			sourceTree = "<group>";
		};
		ED0D4B152307FABE00D937EA /* Preview Content */ = {
			isa = PBXGroup;
			children = (
				ED0D4B162307FABE00D937EA /* Preview Assets.xcassets */,
			);
			path = "Preview Content";
			sourceTree = "<group>";
		};
		ED0D4B232307FABE00D937EA /* LandmarksTests */ = {
			isa = PBXGroup;
			children = (
				ED0D4B242307FABE00D937EA /* LandmarksTests.swift */,
				ED0D4B262307FABE00D937EA /* Info.plist */,
			);
			path = LandmarksTests;
			sourceTree = "<group>";
		};
		ED0D4B2E2307FABE00D937EA /* LandmarksUITests */ = {
			isa = PBXGroup;
			children = (
				ED0D4B2F2307FABE00D937EA /* LandmarksUITests.swift */,
				ED0D4B312307FABE00D937EA /* Info.plist */,
			);
			path = LandmarksUITests;
			sourceTree = "<group>";
		};
/* End PBXGroup section */

/* Begin PBXNativeTarget section */
		ED0D4B092307FAB100D937EA /* Landmarks */ = {
			isa = PBXNativeTarget;
			buildConfigurationList = ED0D4B342307FABE00D937EA /* Build configuration list for PBXNativeTarget "Landmarks" */;
			buildPhases = (
				ED0D4B062307FAB100D937EA /* Sources */,
				ED0D4B072307FAB100D937EA /* Frameworks */,
				ED0D4B082307FAB100D937EA /* Resources */,
			);
			buildRules = (
			);
			dependencies = (
			);
			name = Landmarks;
			productName = Landmarks;
			productReference = ED0D4B0A2307FAB100D937EA /* Landmarks.app */;
			productType = "com.apple.product-type.application";
		};
		ED0D4B1F2307FABE00D937EA /* LandmarksTests */ = {
			isa = PBXNativeTarget;
			buildConfigurationList = ED0D4B372307FABE00D937EA /* Build configuration list for PBXNativeTarget "LandmarksTests" */;
			buildPhases = (
				ED0D4B1C2307FABE00D937EA /* Sources */,
				ED0D4B1D2307FABE00D937EA /* Frameworks */,
				ED0D4B1E2307FABE00D937EA /* Resources */,
			);
			buildRules = (
			);
			dependencies = (
				ED0D4B222307FABE00D937EA /* PBXTargetDependency */,
			);
			name = LandmarksTests;
			productName = LandmarksTests;
			productReference = ED0D4B202307FABE00D937EA /* LandmarksTests.xctest */;
			productType = "com.apple.product-type.bundle.unit-test";
		};
		ED0D4B2A2307FABE00D937EA /* LandmarksUITests */ = {
			isa = PBXNativeTarget;
			buildConfigurationList = ED0D4B3A2307FABE00D937EA /* Build configuration list for PBXNativeTarget "LandmarksUITests" */;
			buildPhases = (
				ED0D4B272307FABE00D937EA /* Sources */,
				ED0D4B282307FABE00D937EA /* Frameworks */,
				ED0D4B292307FABE00D937EA /* Resources */,
			);
			buildRules = (
			);
			dependencies = (
				ED0D4B2D2307FABE00D937EA /* PBXTargetDependency */,
			);
			name = LandmarksUITests;
			productName = LandmarksUITests;
			productReference = ED0D4B2B2307FABE00D937EA /* LandmarksUITests.xctest */;
			productType = "com.apple.product-type.bundle.ui-testing";
		};
/* End PBXNativeTarget section */

/* Begin PBXProject section */
		ED0D4B022307FAB100D937EA /* Project object */ = {
			isa = PBXProject;
			attributes = {
				LastSwiftUpdateCheck = 1100;
				LastUpgradeCheck = 1100;
				ORGANIZATIONNAME = "刘永杰";
				TargetAttributes = {
					ED0D4B092307FAB100D937EA = {
						CreatedOnToolsVersion = 11.0;
					};
					ED0D4B1F2307FABE00D937EA = {
						CreatedOnToolsVersion = 11.0;
						TestTargetID = ED0D4B092307FAB100D937EA;
					};
					ED0D4B2A2307FABE00D937EA = {
						CreatedOnToolsVersion = 11.0;
						TestTargetID = ED0D4B092307FAB100D937EA;
					};
				};
			};
			buildConfigurationList = ED0D4B052307FAB100D937EA /* Build configuration list for PBXProject "Landmarks" */;
			compatibilityVersion = "Xcode 9.3";
			developmentRegion = en;
			hasScannedForEncodings = 0;
			knownRegions = (
				en,
				Base,
			);
			mainGroup = ED0D4B012307FAB100D937EA;
			productRefGroup = ED0D4B0B2307FAB100D937EA /* Products */;
			projectDirPath = "";
			projectRoot = "";
			targets = (
				ED0D4B092307FAB100D937EA /* Landmarks */,
				ED0D4B1F2307FABE00D937EA /* LandmarksTests */,
				ED0D4B2A2307FABE00D937EA /* LandmarksUITests */,
			);
		};
/* End PBXProject section */

/* Begin PBXResourcesBuildPhase section */
		ED0D4B082307FAB100D937EA /* Resources */ = {
			isa = PBXResourcesBuildPhase;
			buildActionMask = 2147483647;
			files = (
				ED0CB40023096F1900BA1E13 /* turtlerock.jpg in Resources */,
				ED0CB3FE23096F1900BA1E13 /* rainbowlake.jpg in Resources */,
				ED0CB3FA23096F1900BA1E13 /* yukon_charleyrivers.jpg in Resources */,
				ED0CB3F923096F1900BA1E13 /* twinlake.jpg in Resources */,
				ED0D4B1A2307FABE00D937EA /* LaunchScreen.storyboard in Resources */,
				ED0CB3FC23096F1900BA1E13 /* lakemcdonald.jpg in Resources */,
				ED0CB40223096F1900BA1E13 /* stmarylake.jpg in Resources */,
				ED0D4B172307FABE00D937EA /* Preview Assets.xcassets in Resources */,
				ED0CB3F823096F1900BA1E13 /* hiddenlake.jpg in Resources */,
				ED0CB40123096F1900BA1E13 /* chilkoottrail.jpg in Resources */,
				ED0CB3FB23096F1900BA1E13 /* chincoteague.jpg in Resources */,
				ED0CB40323096F1900BA1E13 /* umbagog.jpg in Resources */,
				ED0CB3FF23096F1900BA1E13 /* silversalmoncreek.jpg in Resources */,
				ED690AB4230AD41500D40BCB /* landmarkData.json in Resources */,
				ED0CB3FD23096F1900BA1E13 /* icybay.jpg in Resources */,
				ED0D4B142307FABE00D937EA /* Assets.xcassets in Resources */,
			);
			runOnlyForDeploymentPostprocessing = 0;
		};
		ED0D4B1E2307FABE00D937EA /* Resources */ = {
			isa = PBXResourcesBuildPhase;
			buildActionMask = 2147483647;
			files = (
			);
			runOnlyForDeploymentPostprocessing = 0;
		};
		ED0D4B292307FABE00D937EA /* Resources */ = {
			isa = PBXResourcesBuildPhase;
			buildActionMask = 2147483647;
			files = (
			);
			runOnlyForDeploymentPostprocessing = 0;
		};
/* End PBXResourcesBuildPhase section */

/* Begin PBXSourcesBuildPhase section */
		ED0D4B062307FAB100D937EA /* Sources */ = {
			isa = PBXSourcesBuildPhase;
			buildActionMask = 2147483647;
			files = (
				ED2C77112310116E002CF4CC /* HexagonParameters.swift in Sources */,
				ED0D4B0E2307FAB100D937EA /* AppDelegate.swift in Sources */,
				EDA0F25C23080356007521E6 /* CircleImage.swift in Sources */,
				ED2C770F231010F9002CF4CC /* Badge.swift in Sources */,
				EDA0F25E2308058C007521E6 /* MapView.swift in Sources */,
				ED0D4B102307FAB100D937EA /* SceneDelegate.swift in Sources */,
				ED0CB409230977C800BA1E13 /* LandmarkList.swift in Sources */,
				ED1E833423113E5600CFB483 /* BadgeSymbol.swift in Sources */,
				ED1E833623113EFC00CFB483 /* RotatedBadgeSymbol.swift in Sources */,
				ED0D4B122307FAB100D937EA /* LandmarkDetail.swift in Sources */,
				ED1E833223113D5A00CFB483 /* BadgeBackground.swift in Sources */,
				ED0CB4052309731A00BA1E13 /* LandmarkRow.swift in Sources */,
				ED0CB3E823096B9A00BA1E13 /* Landmark.swift in Sources */,
				EDB4B094230C1E2600BBB902 /* UserData.swift in Sources */,
				ED0CB407230973DB00BA1E13 /* Data.swift in Sources */,
			);
			runOnlyForDeploymentPostprocessing = 0;
		};
		ED0D4B1C2307FABE00D937EA /* Sources */ = {
			isa = PBXSourcesBuildPhase;
			buildActionMask = 2147483647;
			files = (
				ED0D4B252307FABE00D937EA /* LandmarksTests.swift in Sources */,
			);
			runOnlyForDeploymentPostprocessing = 0;
		};
		ED0D4B272307FABE00D937EA /* Sources */ = {
			isa = PBXSourcesBuildPhase;
			buildActionMask = 2147483647;
			files = (
				ED0D4B302307FABE00D937EA /* LandmarksUITests.swift in Sources */,
			);
			runOnlyForDeploymentPostprocessing = 0;
		};
/* End PBXSourcesBuildPhase section */

/* Begin PBXTargetDependency section */
		ED0D4B222307FABE00D937EA /* PBXTargetDependency */ = {
			isa = PBXTargetDependency;
			target = ED0D4B092307FAB100D937EA /* Landmarks */;
			targetProxy = ED0D4B212307FABE00D937EA /* PBXContainerItemProxy */;
		};
		ED0D4B2D2307FABE00D937EA /* PBXTargetDependency */ = {
			isa = PBXTargetDependency;
			target = ED0D4B092307FAB100D937EA /* Landmarks */;
			targetProxy = ED0D4B2C2307FABE00D937EA /* PBXContainerItemProxy */;
		};
/* End PBXTargetDependency section */

/* Begin PBXVariantGroup section */
		ED0D4B182307FABE00D937EA /* LaunchScreen.storyboard */ = {
			isa = PBXVariantGroup;
			children = (
				ED0D4B192307FABE00D937EA /* Base */,
			);
			name = LaunchScreen.storyboard;
			sourceTree = "<group>";
		};
/* End PBXVariantGroup section */

/* Begin XCBuildConfiguration section */
		ED0D4B322307FABE00D937EA /* Debug */ = {
			isa = XCBuildConfiguration;
			buildSettings = {
				ALWAYS_SEARCH_USER_PATHS = NO;
				CLANG_ANALYZER_NONNULL = YES;
				CLANG_ANALYZER_NUMBER_OBJECT_CONVERSION = YES_AGGRESSIVE;
				CLANG_CXX_LANGUAGE_STANDARD = "gnu++14";
				CLANG_CXX_LIBRARY = "libc++";
				CLANG_ENABLE_MODULES = YES;
				CLANG_ENABLE_OBJC_ARC = YES;
				CLANG_ENABLE_OBJC_WEAK = YES;
				CLANG_WARN_BLOCK_CAPTURE_AUTORELEASING = YES;
				CLANG_WARN_BOOL_CONVERSION = YES;
				CLANG_WARN_COMMA = YES;
				CLANG_WARN_CONSTANT_CONVERSION = YES;
				CLANG_WARN_DEPRECATED_OBJC_IMPLEMENTATIONS = YES;
				CLANG_WARN_DIRECT_OBJC_ISA_USAGE = YES_ERROR;
				CLANG_WARN_DOCUMENTATION_COMMENTS = YES;
				CLANG_WARN_EMPTY_BODY = YES;
				CLANG_WARN_ENUM_CONVERSION = YES;
				CLANG_WARN_INFINITE_RECURSION = YES;
				CLANG_WARN_INT_CONVERSION = YES;
				CLANG_WARN_NON_LITERAL_NULL_CONVERSION = YES;
				CLANG_WARN_OBJC_IMPLICIT_RETAIN_SELF = YES;
				CLANG_WARN_OBJC_LITERAL_CONVERSION = YES;
				CLANG_WARN_OBJC_ROOT_CLASS = YES_ERROR;
				CLANG_WARN_RANGE_LOOP_ANALYSIS = YES;
				CLANG_WARN_STRICT_PROTOTYPES = YES;
				CLANG_WARN_SUSPICIOUS_MOVE = YES;
				CLANG_WARN_UNGUARDED_AVAILABILITY = YES_AGGRESSIVE;
				CLANG_WARN_UNREACHABLE_CODE = YES;
				CLANG_WARN__DUPLICATE_METHOD_MATCH = YES;
				COPY_PHASE_STRIP = NO;
				DEBUG_INFORMATION_FORMAT = dwarf;
				ENABLE_STRICT_OBJC_MSGSEND = YES;
				ENABLE_TESTABILITY = YES;
				GCC_C_LANGUAGE_STANDARD = gnu11;
				GCC_DYNAMIC_NO_PIC = NO;
				GCC_NO_COMMON_BLOCKS = YES;
				GCC_OPTIMIZATION_LEVEL = 0;
				GCC_PREPROCESSOR_DEFINITIONS = (
					"DEBUG=1",
					"$(inherited)",
				);
				GCC_WARN_64_TO_32_BIT_CONVERSION = YES;
				GCC_WARN_ABOUT_RETURN_TYPE = YES_ERROR;
				GCC_WARN_UNDECLARED_SELECTOR = YES;
				GCC_WARN_UNINITIALIZED_AUTOS = YES_AGGRESSIVE;
				GCC_WARN_UNUSED_FUNCTION = YES;
				GCC_WARN_UNUSED_VARIABLE = YES;
				IPHONEOS_DEPLOYMENT_TARGET = 13.0;
				MTL_ENABLE_DEBUG_INFO = INCLUDE_SOURCE;
				MTL_FAST_MATH = YES;
				ONLY_ACTIVE_ARCH = YES;
				SDKROOT = iphoneos;
				SWIFT_ACTIVE_COMPILATION_CONDITIONS = DEBUG;
				SWIFT_OPTIMIZATION_LEVEL = "-Onone";
			};
			name = Debug;
		};
		ED0D4B332307FABE00D937EA /* Release */ = {
			isa = XCBuildConfiguration;
			buildSettings = {
				ALWAYS_SEARCH_USER_PATHS = NO;
				CLANG_ANALYZER_NONNULL = YES;
				CLANG_ANALYZER_NUMBER_OBJECT_CONVERSION = YES_AGGRESSIVE;
				CLANG_CXX_LANGUAGE_STANDARD = "gnu++14";
				CLANG_CXX_LIBRARY = "libc++";
				CLANG_ENABLE_MODULES = YES;
				CLANG_ENABLE_OBJC_ARC = YES;
				CLANG_ENABLE_OBJC_WEAK = YES;
				CLANG_WARN_BLOCK_CAPTURE_AUTORELEASING = YES;
				CLANG_WARN_BOOL_CONVERSION = YES;
				CLANG_WARN_COMMA = YES;
				CLANG_WARN_CONSTANT_CONVERSION = YES;
				CLANG_WARN_DEPRECATED_OBJC_IMPLEMENTATIONS = YES;
				CLANG_WARN_DIRECT_OBJC_ISA_USAGE = YES_ERROR;
				CLANG_WARN_DOCUMENTATION_COMMENTS = YES;
				CLANG_WARN_EMPTY_BODY = YES;
				CLANG_WARN_ENUM_CONVERSION = YES;
				CLANG_WARN_INFINITE_RECURSION = YES;
				CLANG_WARN_INT_CONVERSION = YES;
				CLANG_WARN_NON_LITERAL_NULL_CONVERSION = YES;
				CLANG_WARN_OBJC_IMPLICIT_RETAIN_SELF = YES;
				CLANG_WARN_OBJC_LITERAL_CONVERSION = YES;
				CLANG_WARN_OBJC_ROOT_CLASS = YES_ERROR;
				CLANG_WARN_RANGE_LOOP_ANALYSIS = YES;
				CLANG_WARN_STRICT_PROTOTYPES = YES;
				CLANG_WARN_SUSPICIOUS_MOVE = YES;
				CLANG_WARN_UNGUARDED_AVAILABILITY = YES_AGGRESSIVE;
				CLANG_WARN_UNREACHABLE_CODE = YES;
				CLANG_WARN__DUPLICATE_METHOD_MATCH = YES;
				COPY_PHASE_STRIP = NO;
				DEBUG_INFORMATION_FORMAT = "dwarf-with-dsym";
				ENABLE_NS_ASSERTIONS = NO;
				ENABLE_STRICT_OBJC_MSGSEND = YES;
				GCC_C_LANGUAGE_STANDARD = gnu11;
				GCC_NO_COMMON_BLOCKS = YES;
				GCC_WARN_64_TO_32_BIT_CONVERSION = YES;
				GCC_WARN_ABOUT_RETURN_TYPE = YES_ERROR;
				GCC_WARN_UNDECLARED_SELECTOR = YES;
				GCC_WARN_UNINITIALIZED_AUTOS = YES_AGGRESSIVE;
				GCC_WARN_UNUSED_FUNCTION = YES;
				GCC_WARN_UNUSED_VARIABLE = YES;
				IPHONEOS_DEPLOYMENT_TARGET = 13.0;
				MTL_ENABLE_DEBUG_INFO = NO;
				MTL_FAST_MATH = YES;
				SDKROOT = iphoneos;
				SWIFT_COMPILATION_MODE = wholemodule;
				SWIFT_OPTIMIZATION_LEVEL = "-O";
				VALIDATE_PRODUCT = YES;
			};
			name = Release;
		};
		ED0D4B352307FABE00D937EA /* Debug */ = {
			isa = XCBuildConfiguration;
			buildSettings = {
				ASSETCATALOG_COMPILER_APPICON_NAME = AppIcon;
				CODE_SIGN_STYLE = Automatic;
				DEVELOPMENT_ASSET_PATHS = "Landmarks/Preview\\ Content";
				DEVELOPMENT_TEAM = B9842T9339;
				ENABLE_PREVIEWS = YES;
				INFOPLIST_FILE = Landmarks/Info.plist;
				LD_RUNPATH_SEARCH_PATHS = (
					"$(inherited)",
					"@executable_path/Frameworks",
				);
				PRODUCT_BUNDLE_IDENTIFIER = com.sail.Landmarks;
				PRODUCT_NAME = "$(TARGET_NAME)";
				SWIFT_VERSION = 5.0;
				TARGETED_DEVICE_FAMILY = "1,2";
			};
			name = Debug;
		};
		ED0D4B362307FABE00D937EA /* Release */ = {
			isa = XCBuildConfiguration;
			buildSettings = {
				ASSETCATALOG_COMPILER_APPICON_NAME = AppIcon;
				CODE_SIGN_STYLE = Automatic;
				DEVELOPMENT_ASSET_PATHS = "Landmarks/Preview\\ Content";
				DEVELOPMENT_TEAM = B9842T9339;
				ENABLE_PREVIEWS = YES;
				INFOPLIST_FILE = Landmarks/Info.plist;
				LD_RUNPATH_SEARCH_PATHS = (
					"$(inherited)",
					"@executable_path/Frameworks",
				);
				PRODUCT_BUNDLE_IDENTIFIER = com.sail.Landmarks;
				PRODUCT_NAME = "$(TARGET_NAME)";
				SWIFT_VERSION = 5.0;
				TARGETED_DEVICE_FAMILY = "1,2";
			};
			name = Release;
		};
		ED0D4B382307FABE00D937EA /* Debug */ = {
			isa = XCBuildConfiguration;
			buildSettings = {
				ALWAYS_EMBED_SWIFT_STANDARD_LIBRARIES = YES;
				BUNDLE_LOADER = "$(TEST_HOST)";
				CODE_SIGN_STYLE = Automatic;
				DEVELOPMENT_TEAM = B9842T9339;
				INFOPLIST_FILE = LandmarksTests/Info.plist;
				LD_RUNPATH_SEARCH_PATHS = (
					"$(inherited)",
					"@executable_path/Frameworks",
					"@loader_path/Frameworks",
				);
				PRODUCT_BUNDLE_IDENTIFIER = com.sail.LandmarksTests;
				PRODUCT_NAME = "$(TARGET_NAME)";
				SWIFT_VERSION = 5.0;
				TARGETED_DEVICE_FAMILY = "1,2";
				TEST_HOST = "$(BUILT_PRODUCTS_DIR)/Landmarks.app/Landmarks";
			};
			name = Debug;
		};
		ED0D4B392307FABE00D937EA /* Release */ = {
			isa = XCBuildConfiguration;
			buildSettings = {
				ALWAYS_EMBED_SWIFT_STANDARD_LIBRARIES = YES;
				BUNDLE_LOADER = "$(TEST_HOST)";
				CODE_SIGN_STYLE = Automatic;
				DEVELOPMENT_TEAM = B9842T9339;
				INFOPLIST_FILE = LandmarksTests/Info.plist;
				LD_RUNPATH_SEARCH_PATHS = (
					"$(inherited)",
					"@executable_path/Frameworks",
					"@loader_path/Frameworks",
				);
				PRODUCT_BUNDLE_IDENTIFIER = com.sail.LandmarksTests;
				PRODUCT_NAME = "$(TARGET_NAME)";
				SWIFT_VERSION = 5.0;
				TARGETED_DEVICE_FAMILY = "1,2";
				TEST_HOST = "$(BUILT_PRODUCTS_DIR)/Landmarks.app/Landmarks";
			};
			name = Release;
		};
		ED0D4B3B2307FABE00D937EA /* Debug */ = {
			isa = XCBuildConfiguration;
			buildSettings = {
				ALWAYS_EMBED_SWIFT_STANDARD_LIBRARIES = YES;
				CODE_SIGN_STYLE = Automatic;
				DEVELOPMENT_TEAM = B9842T9339;
				INFOPLIST_FILE = LandmarksUITests/Info.plist;
				LD_RUNPATH_SEARCH_PATHS = (
					"$(inherited)",
					"@executable_path/Frameworks",
					"@loader_path/Frameworks",
				);
				PRODUCT_BUNDLE_IDENTIFIER = com.sail.LandmarksUITests;
				PRODUCT_NAME = "$(TARGET_NAME)";
				SWIFT_VERSION = 5.0;
				TARGETED_DEVICE_FAMILY = "1,2";
				TEST_TARGET_NAME = Landmarks;
			};
			name = Debug;
		};
		ED0D4B3C2307FABE00D937EA /* Release */ = {
			isa = XCBuildConfiguration;
			buildSettings = {
				ALWAYS_EMBED_SWIFT_STANDARD_LIBRARIES = YES;
				CODE_SIGN_STYLE = Automatic;
				DEVELOPMENT_TEAM = B9842T9339;
				INFOPLIST_FILE = LandmarksUITests/Info.plist;
				LD_RUNPATH_SEARCH_PATHS = (
					"$(inherited)",
					"@executable_path/Frameworks",
					"@loader_path/Frameworks",
				);
				PRODUCT_BUNDLE_IDENTIFIER = com.sail.LandmarksUITests;
				PRODUCT_NAME = "$(TARGET_NAME)";
				SWIFT_VERSION = 5.0;
				TARGETED_DEVICE_FAMILY = "1,2";
				TEST_TARGET_NAME = Landmarks;
			};
			name = Release;
		};
/* End XCBuildConfiguration section */

/* Begin XCConfigurationList section */
		ED0D4B052307FAB100D937EA /* Build configuration list for PBXProject "Landmarks" */ = {
			isa = XCConfigurationList;
			buildConfigurations = (
				ED0D4B322307FABE00D937EA /* Debug */,
				ED0D4B332307FABE00D937EA /* Release */,
			);
			defaultConfigurationIsVisible = 0;
			defaultConfigurationName = Release;
		};
		ED0D4B342307FABE00D937EA /* Build configuration list for PBXNativeTarget "Landmarks" */ = {
			isa = XCConfigurationList;
			buildConfigurations = (
				ED0D4B352307FABE00D937EA /* Debug */,
				ED0D4B362307FABE00D937EA /* Release */,
			);
			defaultConfigurationIsVisible = 0;
			defaultConfigurationName = Release;
		};
		ED0D4B372307FABE00D937EA /* Build configuration list for PBXNativeTarget "LandmarksTests" */ = {
			isa = XCConfigurationList;
			buildConfigurations = (
				ED0D4B382307FABE00D937EA /* Debug */,
				ED0D4B392307FABE00D937EA /* Release */,
			);
			defaultConfigurationIsVisible = 0;
			defaultConfigurationName = Release;
		};
		ED0D4B3A2307FABE00D937EA /* Build configuration list for PBXNativeTarget "LandmarksUITests" */ = {
			isa = XCConfigurationList;
			buildConfigurations = (
				ED0D4B3B2307FABE00D937EA /* Debug */,
				ED0D4B3C2307FABE00D937EA /* Release */,
			);
			defaultConfigurationIsVisible = 0;
			defaultConfigurationName = Release;
		};
/* End XCConfigurationList section */
	};
	rootObject = ED0D4B022307FAB100D937EA /* Project object */;
}
